// !$*UTF8*$!
{
	archiveVersion = 1;
	classes = {
	};
	objectVersion = 46;
	objects = {

/* Begin PBXBuildFile section */
		ED54B6E01CEFFBDF0026E3D3 /* AppDelegate.swift in Sources */ = {isa = PBXBuildFile; fileRef = ED54B6DF1CEFFBDF0026E3D3 /* AppDelegate.swift */; };
		ED54B6E21CEFFBDF0026E3D3 /* ViewController.swift in Sources */ = {isa = PBXBuildFile; fileRef = ED54B6E11CEFFBDF0026E3D3 /* ViewController.swift */; };
		ED54B6E51CEFFBDF0026E3D3 /* Main.storyboard in Resources */ = {isa = PBXBuildFile; fileRef = ED54B6E31CEFFBDF0026E3D3 /* Main.storyboard */; };
		ED54B6E81CEFFBDF0026E3D3 /* turtle_ninjas.xcdatamodeld in Sources */ = {isa = PBXBuildFile; fileRef = ED54B6E61CEFFBDF0026E3D3 /* turtle_ninjas.xcdatamodeld */; };
		ED54B6EA1CEFFBDF0026E3D3 /* Assets.xcassets in Resources */ = {isa = PBXBuildFile; fileRef = ED54B6E91CEFFBDF0026E3D3 /* Assets.xcassets */; };
		ED54B6ED1CEFFBDF0026E3D3 /* LaunchScreen.storyboard in Resources */ = {isa = PBXBuildFile; fileRef = ED54B6EB1CEFFBDF0026E3D3 /* LaunchScreen.storyboard */; };
/* End PBXBuildFile section */

/* Begin PBXFileReference section */
		ED54B6DC1CEFFBDF0026E3D3 /* turtle-ninjas.app */ = {isa = PBXFileReference; explicitFileType = wrapper.application; includeInIndex = 0; path = "turtle-ninjas.app"; sourceTree = BUILT_PRODUCTS_DIR; };
		ED54B6DF1CEFFBDF0026E3D3 /* AppDelegate.swift */ = {isa = PBXFileReference; lastKnownFileType = sourcecode.swift; path = AppDelegate.swift; sourceTree = "<group>"; };
		ED54B6E11CEFFBDF0026E3D3 /* ViewController.swift */ = {isa = PBXFileReference; lastKnownFileType = sourcecode.swift; path = ViewController.swift; sourceTree = "<group>"; };
		ED54B6E41CEFFBDF0026E3D3 /* Base */ = {isa = PBXFileReference; lastKnownFileType = file.storyboard; name = Base; path = Base.lproj/Main.storyboard; sourceTree = "<group>"; };
		ED54B6E71CEFFBDF0026E3D3 /* turtle_ninjas.xcdatamodel */ = {isa = PBXFileReference; lastKnownFileType = wrapper.xcdatamodel; path = turtle_ninjas.xcdatamodel; sourceTree = "<group>"; };
		ED54B6E91CEFFBDF0026E3D3 /* Assets.xcassets */ = {isa = PBXFileReference; lastKnownFileType = folder.assetcatalog; path = Assets.xcassets; sourceTree = "<group>"; };
		ED54B6EC1CEFFBDF0026E3D3 /* Base */ = {isa = PBXFileReference; lastKnownFileType = file.storyboard; name = Base; path = Base.lproj/LaunchScreen.storyboard; sourceTree = "<group>"; };
		ED54B6EE1CEFFBDF0026E3D3 /* Info.plist */ = {isa = PBXFileReference; lastKnownFileType = text.plist.xml; path = Info.plist; sourceTree = "<group>"; };
/* End PBXFileReference section */

/* Begin PBXFrameworksBuildPhase section */
		ED54B6D91CEFFBDF0026E3D3 /* Frameworks */ = {
			isa = PBXFrameworksBuildPhase;
			buildActionMask = 2147483647;
			files = (
			);
			runOnlyForDeploymentPostprocessing = 0;
		};
/* End PBXFrameworksBuildPhase section */

/* Begin PBXGroup section */
		ED54B6D31CEFFBDF0026E3D3 = {
			isa = PBXGroup;
			children = (
				ED54B6DE1CEFFBDF0026E3D3 /* turtle-ninjas */,
				ED54B6DD1CEFFBDF0026E3D3 /* Products */,
			);
			sourceTree = "<group>";
		};
		ED54B6DD1CEFFBDF0026E3D3 /* Products */ = {
			isa = PBXGroup;
			children = (
				ED54B6DC1CEFFBDF0026E3D3 /* turtle-ninjas.app */,
			);
			name = Products;
			sourceTree = "<group>";
		};
		ED54B6DE1CEFFBDF0026E3D3 /* turtle-ninjas */ = {
			isa = PBXGroup;
			children = (
				ED54B6DF1CEFFBDF0026E3D3 /* AppDelegate.swift */,
				ED54B6E11CEFFBDF0026E3D3 /* ViewController.swift */,
				ED54B6E31CEFFBDF0026E3D3 /* Main.storyboard */,
				ED54B6E91CEFFBDF0026E3D3 /* Assets.xcassets */,
				ED54B6EB1CEFFBDF0026E3D3 /* LaunchScreen.storyboard */,
				ED54B6EE1CEFFBDF0026E3D3 /* Info.plist */,
				ED54B6E61CEFFBDF0026E3D3 /* turtle_ninjas.xcdatamodeld */,
			);
			path = "turtle-ninjas";
			sourceTree = "<group>";
		};
/* End PBXGroup section */

/* Begin PBXNativeTarget section */
		ED54B6DB1CEFFBDF0026E3D3 /* turtle-ninjas */ = {
			isa = PBXNativeTarget;
			buildConfigurationList = ED54B6F11CEFFBDF0026E3D3 /* Build configuration list for PBXNativeTarget "turtle-ninjas" */;
			buildPhases = (
				ED54B6D81CEFFBDF0026E3D3 /* Sources */,
				ED54B6D91CEFFBDF0026E3D3 /* Frameworks */,
				ED54B6DA1CEFFBDF0026E3D3 /* Resources */,
			);
			buildRules = (
			);
			dependencies = (
			);
			name = "turtle-ninjas";
			productName = "turtle-ninjas";
			productReference = ED54B6DC1CEFFBDF0026E3D3 /* turtle-ninjas.app */;
			productType = "com.apple.product-type.application";
		};
/* End PBXNativeTarget section */

/* Begin PBXProject section */
		ED54B6D41CEFFBDF0026E3D3 /* Project object */ = {
			isa = PBXProject;
			attributes = {
				LastSwiftUpdateCheck = 0730;
				LastUpgradeCheck = 0730;
				ORGANIZATIONNAME = "Vitor Oliveira";
				TargetAttributes = {
					ED54B6DB1CEFFBDF0026E3D3 = {
						CreatedOnToolsVersion = 7.3;
					};
				};
			};
			buildConfigurationList = ED54B6D71CEFFBDF0026E3D3 /* Build configuration list for PBXProject "turtle-ninjas" */;
			compatibilityVersion = "Xcode 3.2";
			developmentRegion = English;
			hasScannedForEncodings = 0;
			knownRegions = (
				en,
				Base,
			);
			mainGroup = ED54B6D31CEFFBDF0026E3D3;
			productRefGroup = ED54B6DD1CEFFBDF0026E3D3 /* Products */;
			projectDirPath = "";
			projectRoot = "";
			targets = (
				ED54B6DB1CEFFBDF0026E3D3 /* turtle-ninjas */,
			);
		};
/* End PBXProject section */

/* Begin PBXResourcesBuildPhase section */
		ED54B6DA1CEFFBDF0026E3D3 /* Resources */ = {
			isa = PBXResourcesBuildPhase;
			buildActionMask = 2147483647;
			files = (
				ED54B6ED1CEFFBDF0026E3D3 /* LaunchScreen.storyboard in Resources */,
				ED54B6EA1CEFFBDF0026E3D3 /* Assets.xcassets in Resources */,
				ED54B6E51CEFFBDF0026E3D3 /* Main.storyboard in Resources */,
			);
			runOnlyForDeploymentPostprocessing = 0;
		};
/* End PBXResourcesBuildPhase section */

/* Begin PBXSourcesBuildPhase section */
		ED54B6D81CEFFBDF0026E3D3 /* Sources */ = {
			isa = PBXSourcesBuildPhase;
			buildActionMask = 2147483647;
			files = (
				ED54B6E21CEFFBDF0026E3D3 /* ViewController.swift in Sources */,
				ED54B6E01CEFFBDF0026E3D3 /* AppDelegate.swift in Sources */,
				ED54B6E81CEFFBDF0026E3D3 /* turtle_ninjas.xcdatamodeld in Sources */,
			);
			runOnlyForDeploymentPostprocessing = 0;
		};
/* End PBXSourcesBuildPhase section */

/* Begin PBXVariantGroup section */
		ED54B6E31CEFFBDF0026E3D3 /* Main.storyboard */ = {
			isa = PBXVariantGroup;
			children = (
				ED54B6E41CEFFBDF0026E3D3 /* Base */,
			);
			name = Main.storyboard;
			sourceTree = "<group>";
		};
		ED54B6EB1CEFFBDF0026E3D3 /* LaunchScreen.storyboard */ = {
			isa = PBXVariantGroup;
			children = (
				ED54B6EC1CEFFBDF0026E3D3 /* Base */,
			);
			name = LaunchScreen.storyboard;
			sourceTree = "<group>";
		};
/* End PBXVariantGroup section */

/* Begin XCBuildConfiguration section */
		ED54B6EF1CEFFBDF0026E3D3 /* Debug */ = {
			isa = XCBuildConfiguration;
			buildSettings = {
				ALWAYS_SEARCH_USER_PATHS = NO;
				CLANG_ANALYZER_NONNULL = YES;
				CLANG_CXX_LANGUAGE_STANDARD = "gnu++0x";
				CLANG_CXX_LIBRARY = "libc++";
				CLANG_ENABLE_MODULES = YES;
				CLANG_ENABLE_OBJC_ARC = YES;
				CLANG_WARN_BOOL_CONVERSION = YES;
				CLANG_WARN_CONSTANT_CONVERSION = YES;
				CLANG_WARN_DIRECT_OBJC_ISA_USAGE = YES_ERROR;
				CLANG_WARN_EMPTY_BODY = YES;
				CLANG_WARN_ENUM_CONVERSION = YES;
				CLANG_WARN_INT_CONVERSION = YES;
				CLANG_WARN_OBJC_ROOT_CLASS = YES_ERROR;
				CLANG_WARN_UNREACHABLE_CODE = YES;
				CLANG_WARN__DUPLICATE_METHOD_MATCH = YES;
				"CODE_SIGN_IDENTITY[sdk=iphoneos*]" = "iPhone Developer";
				COPY_PHASE_STRIP = NO;
				DEBUG_INFORMATION_FORMAT = dwarf;
				ENABLE_STRICT_OBJC_MSGSEND = YES;
				ENABLE_TESTABILITY = YES;
				GCC_C_LANGUAGE_STANDARD = gnu99;
				GCC_DYNAMIC_NO_PIC = NO;
				GCC_NO_COMMON_BLOCKS = YES;
				GCC_OPTIMIZATION_LEVEL = 0;
				GCC_PREPROCESSOR_DEFINITIONS = (
					"DEBUG=1",
					"$(inherited)",
				);
				GCC_WARN_64_TO_32_BIT_CONVERSION = YES;
				GCC_WARN_ABOUT_RETURN_TYPE = YES_ERROR;
				GCC_WARN_UNDECLARED_SELECTOR = YES;
				GCC_WARN_UNINITIALIZED_AUTOS = YES_AGGRESSIVE;
				GCC_WARN_UNUSED_FUNCTION = YES;
				GCC_WARN_UNUSED_VARIABLE = YES;
				IPHONEOS_DEPLOYMENT_TARGET = 9.3;
				MTL_ENABLE_DEBUG_INFO = YES;
				ONLY_ACTIVE_ARCH = YES;
				SDKROOT = iphoneos;
				SWIFT_OPTIMIZATION_LEVEL = "-Onone";
			};
			name = Debug;
		};
		ED54B6F01CEFFBDF0026E3D3 /* Release */ = {
			isa = XCBuildConfiguration;
			buildSettings = {
				ALWAYS_SEARCH_USER_PATHS = NO;
				CLANG_ANALYZER_NONNULL = YES;
				CLANG_CXX_LANGUAGE_STANDARD = "gnu++0x";
				CLANG_CXX_LIBRARY = "libc++";
				CLANG_ENABLE_MODULES = YES;
				CLANG_ENABLE_OBJC_ARC = YES;
				CLANG_WARN_BOOL_CONVERSION = YES;
				CLANG_WARN_CONSTANT_CONVERSION = YES;
				CLANG_WARN_DIRECT_OBJC_ISA_USAGE = YES_ERROR;
				CLANG_WARN_EMPTY_BODY = YES;
				CLANG_WARN_ENUM_CONVERSION = YES;
				CLANG_WARN_INT_CONVERSION = YES;
				CLANG_WARN_OBJC_ROOT_CLASS = YES_ERROR;
				CLANG_WARN_UNREACHABLE_CODE = YES;
				CLANG_WARN__DUPLICATE_METHOD_MATCH = YES;
				"CODE_SIGN_IDENTITY[sdk=iphoneos*]" = "iPhone Developer";
				COPY_PHASE_STRIP = NO;
				DEBUG_INFORMATION_FORMAT = "dwarf-with-dsym";
				ENABLE_NS_ASSERTIONS = NO;
				ENABLE_STRICT_OBJC_MSGSEND = YES;
				GCC_C_LANGUAGE_STANDARD = gnu99;
				GCC_NO_COMMON_BLOCKS = YES;
				GCC_WARN_64_TO_32_BIT_CONVERSION = YES;
				GCC_WARN_ABOUT_RETURN_TYPE = YES_ERROR;
				GCC_WARN_UNDECLARED_SELECTOR = YES;
				GCC_WARN_UNINITIALIZED_AUTOS = YES_AGGRESSIVE;
				GCC_WARN_UNUSED_FUNCTION = YES;
				GCC_WARN_UNUSED_VARIABLE = YES;
				IPHONEOS_DEPLOYMENT_TARGET = 9.3;
				MTL_ENABLE_DEBUG_INFO = NO;
				SDKROOT = iphoneos;
				VALIDATE_PRODUCT = YES;
			};
			name = Release;
		};
		ED54B6F21CEFFBDF0026E3D3 /* Debug */ = {
			isa = XCBuildConfiguration;
			buildSettings = {
				ASSETCATALOG_COMPILER_APPICON_NAME = AppIcon;
				INFOPLIST_FILE = "turtle-ninjas/Info.plist";
				LD_RUNPATH_SEARCH_PATHS = "$(inherited) @executable_path/Frameworks";
				PRODUCT_BUNDLE_IDENTIFIER = "myProjects.turtle-ninjas";
				PRODUCT_NAME = "$(TARGET_NAME)";
			};
			name = Debug;
		};
		ED54B6F31CEFFBDF0026E3D3 /* Release */ = {
			isa = XCBuildConfiguration;
			buildSettings = {
				ASSETCATALOG_COMPILER_APPICON_NAME = AppIcon;
				INFOPLIST_FILE = "turtle-ninjas/Info.plist";
				LD_RUNPATH_SEARCH_PATHS = "$(inherited) @executable_path/Frameworks";
				PRODUCT_BUNDLE_IDENTIFIER = "myProjects.turtle-ninjas";
				PRODUCT_NAME = "$(TARGET_NAME)";
			};
			name = Release;
		};
/* End XCBuildConfiguration section */

/* Begin XCConfigurationList section */
		ED54B6D71CEFFBDF0026E3D3 /* Build configuration list for PBXProject "turtle-ninjas" */ = {
			isa = XCConfigurationList;
			buildConfigurations = (
				ED54B6EF1CEFFBDF0026E3D3 /* Debug */,
				ED54B6F01CEFFBDF0026E3D3 /* Release */,
			);
			defaultConfigurationIsVisible = 0;
			defaultConfigurationName = Release;
		};
		ED54B6F11CEFFBDF0026E3D3 /* Build configuration list for PBXNativeTarget "turtle-ninjas" */ = {
			isa = XCConfigurationList;
			buildConfigurations = (
				ED54B6F21CEFFBDF0026E3D3 /* Debug */,
				ED54B6F31CEFFBDF0026E3D3 /* Release */,
			);
			defaultConfigurationIsVisible = 0;
		};
/* End XCConfigurationList section */

/* Begin XCVersionGroup section */
		ED54B6E61CEFFBDF0026E3D3 /* turtle_ninjas.xcdatamodeld */ = {
			isa = XCVersionGroup;
			children = (
				ED54B6E71CEFFBDF0026E3D3 /* turtle_ninjas.xcdatamodel */,
			);
			currentVersion = ED54B6E71CEFFBDF0026E3D3 /* turtle_ninjas.xcdatamodel */;
			path = turtle_ninjas.xcdatamodeld;
			sourceTree = "<group>";
			versionGroupType = wrapper.xcdatamodel;
		};
/* End XCVersionGroup section */
	};
	rootObject = ED54B6D41CEFFBDF0026E3D3 /* Project object */;
}
